// !$*UTF8*$!
{
	archiveVersion = 1;
	classes = {
	};
	objectVersion = 46;
	objects = {

/* Begin PBXBuildFile section */
		097481E51C8CADA500A8BA57 /* AppDelegate.swift in Sources */ = {isa = PBXBuildFile; fileRef = 097481E41C8CADA500A8BA57 /* AppDelegate.swift */; };
		097481E71C8CADA500A8BA57 /* ViewController.swift in Sources */ = {isa = PBXBuildFile; fileRef = 097481E61C8CADA500A8BA57 /* ViewController.swift */; };
		097481EA1C8CADA600A8BA57 /* Main.storyboard in Resources */ = {isa = PBXBuildFile; fileRef = 097481E81C8CADA600A8BA57 /* Main.storyboard */; };
		097481EC1C8CADA600A8BA57 /* Assets.xcassets in Resources */ = {isa = PBXBuildFile; fileRef = 097481EB1C8CADA600A8BA57 /* Assets.xcassets */; };
		097481EF1C8CADA600A8BA57 /* LaunchScreen.storyboard in Resources */ = {isa = PBXBuildFile; fileRef = 097481ED1C8CADA600A8BA57 /* LaunchScreen.storyboard */; };
		097481F91C8CBE0F00A8BA57 /* Datos.swift in Sources */ = {isa = PBXBuildFile; fileRef = 097481F81C8CBE0F00A8BA57 /* Datos.swift */; };
/* End PBXBuildFile section */

/* Begin PBXFileReference section */
		097481E11C8CADA500A8BA57 /* hamburguesasEnElMundo.app */ = {isa = PBXFileReference; explicitFileType = wrapper.application; includeInIndex = 0; path = hamburguesasEnElMundo.app; sourceTree = BUILT_PRODUCTS_DIR; };
		097481E41C8CADA500A8BA57 /* AppDelegate.swift */ = {isa = PBXFileReference; lastKnownFileType = sourcecode.swift; path = AppDelegate.swift; sourceTree = "<group>"; };
		097481E61C8CADA500A8BA57 /* ViewController.swift */ = {isa = PBXFileReference; lastKnownFileType = sourcecode.swift; path = ViewController.swift; sourceTree = "<group>"; };
		097481E91C8CADA600A8BA57 /* Base */ = {isa = PBXFileReference; lastKnownFileType = file.storyboard; name = Base; path = Base.lproj/Main.storyboard; sourceTree = "<group>"; };
		097481EB1C8CADA600A8BA57 /* Assets.xcassets */ = {isa = PBXFileReference; lastKnownFileType = folder.assetcatalog; path = Assets.xcassets; sourceTree = "<group>"; };
		097481EE1C8CADA600A8BA57 /* Base */ = {isa = PBXFileReference; lastKnownFileType = file.storyboard; name = Base; path = Base.lproj/LaunchScreen.storyboard; sourceTree = "<group>"; };
		097481F01C8CADA600A8BA57 /* Info.plist */ = {isa = PBXFileReference; lastKnownFileType = text.plist.xml; path = Info.plist; sourceTree = "<group>"; };
		097481F81C8CBE0F00A8BA57 /* Datos.swift */ = {isa = PBXFileReference; fileEncoding = 4; lastKnownFileType = sourcecode.swift; path = Datos.swift; sourceTree = "<group>"; };
/* End PBXFileReference section */

/* Begin PBXFrameworksBuildPhase section */
		097481DE1C8CADA500A8BA57 /* Frameworks */ = {
			isa = PBXFrameworksBuildPhase;
			buildActionMask = 2147483647;
			files = (
			);
			runOnlyForDeploymentPostprocessing = 0;
		};
/* End PBXFrameworksBuildPhase section */

/* Begin PBXGroup section */
		097481D81C8CADA300A8BA57 = {
			isa = PBXGroup;
			children = (
				097481E31C8CADA500A8BA57 /* hamburguesasEnElMundo */,
				097481E21C8CADA500A8BA57 /* Products */,
			);
			sourceTree = "<group>";
		};
		097481E21C8CADA500A8BA57 /* Products */ = {
			isa = PBXGroup;
			children = (
				097481E11C8CADA500A8BA57 /* hamburguesasEnElMundo.app */,
			);
			name = Products;
			sourceTree = "<group>";
		};
		097481E31C8CADA500A8BA57 /* hamburguesasEnElMundo */ = {
			isa = PBXGroup;
			children = (
				097481E41C8CADA500A8BA57 /* AppDelegate.swift */,
				097481E61C8CADA500A8BA57 /* ViewController.swift */,
				097481E81C8CADA600A8BA57 /* Main.storyboard */,
				097481EB1C8CADA600A8BA57 /* Assets.xcassets */,
				097481ED1C8CADA600A8BA57 /* LaunchScreen.storyboard */,
				097481F01C8CADA600A8BA57 /* Info.plist */,
				097481F81C8CBE0F00A8BA57 /* Datos.swift */,
			);
			path = hamburguesasEnElMundo;
			sourceTree = "<group>";
		};
/* End PBXGroup section */

/* Begin PBXNativeTarget section */
		097481E01C8CADA500A8BA57 /* hamburguesasEnElMundo */ = {
			isa = PBXNativeTarget;
			buildConfigurationList = 097481F31C8CADA600A8BA57 /* Build configuration list for PBXNativeTarget "hamburguesasEnElMundo" */;
			buildPhases = (
				097481DD1C8CADA500A8BA57 /* Sources */,
				097481DE1C8CADA500A8BA57 /* Frameworks */,
				097481DF1C8CADA500A8BA57 /* Resources */,
			);
			buildRules = (
			);
			dependencies = (
			);
			name = hamburguesasEnElMundo;
			productName = hamburguesasEnElMundo;
			productReference = 097481E11C8CADA500A8BA57 /* hamburguesasEnElMundo.app */;
			productType = "com.apple.product-type.application";
		};
/* End PBXNativeTarget section */

/* Begin PBXProject section */
		097481D91C8CADA400A8BA57 /* Project object */ = {
			isa = PBXProject;
			attributes = {
				LastSwiftUpdateCheck = 0730;
				LastUpgradeCheck = 0730;
				ORGANIZATIONNAME = Juan;
				TargetAttributes = {
					097481E01C8CADA500A8BA57 = {
						CreatedOnToolsVersion = 7.3;
					};
				};
			};
			buildConfigurationList = 097481DC1C8CADA400A8BA57 /* Build configuration list for PBXProject "hamburguesasEnElMundo" */;
			compatibilityVersion = "Xcode 3.2";
			developmentRegion = English;
			hasScannedForEncodings = 0;
			knownRegions = (
				en,
				Base,
			);
			mainGroup = 097481D81C8CADA300A8BA57;
			productRefGroup = 097481E21C8CADA500A8BA57 /* Products */;
			projectDirPath = "";
			projectRoot = "";
			targets = (
				097481E01C8CADA500A8BA57 /* hamburguesasEnElMundo */,
			);
		};
/* End PBXProject section */

/* Begin PBXResourcesBuildPhase section */
		097481DF1C8CADA500A8BA57 /* Resources */ = {
			isa = PBXResourcesBuildPhase;
			buildActionMask = 2147483647;
			files = (
				097481EF1C8CADA600A8BA57 /* LaunchScreen.storyboard in Resources */,
				097481EC1C8CADA600A8BA57 /* Assets.xcassets in Resources */,
				097481EA1C8CADA600A8BA57 /* Main.storyboard in Resources */,
			);
			runOnlyForDeploymentPostprocessing = 0;
		};
/* End PBXResourcesBuildPhase section */

/* Begin PBXSourcesBuildPhase section */
		097481DD1C8CADA500A8BA57 /* Sources */ = {
			isa = PBXSourcesBuildPhase;
			buildActionMask = 2147483647;
			files = (
				097481E71C8CADA500A8BA57 /* ViewController.swift in Sources */,
				097481F91C8CBE0F00A8BA57 /* Datos.swift in Sources */,
				097481E51C8CADA500A8BA57 /* AppDelegate.swift in Sources */,
			);
			runOnlyForDeploymentPostprocessing = 0;
		};
/* End PBXSourcesBuildPhase section */

/* Begin PBXVariantGroup section */
		097481E81C8CADA600A8BA57 /* Main.storyboard */ = {
			isa = PBXVariantGroup;
			children = (
				097481E91C8CADA600A8BA57 /* Base */,
			);
			name = Main.storyboard;
			sourceTree = "<group>";
		};
		097481ED1C8CADA600A8BA57 /* LaunchScreen.storyboard */ = {
			isa = PBXVariantGroup;
			children = (
				097481EE1C8CADA600A8BA57 /* Base */,
			);
			name = LaunchScreen.storyboard;
			sourceTree = "<group>";
		};
/* End PBXVariantGroup section */

/* Begin XCBuildConfiguration section */
		097481F11C8CADA600A8BA57 /* Debug */ = {
			isa = XCBuildConfiguration;
			buildSettings = {
				ALWAYS_SEARCH_USER_PATHS = NO;
				CLANG_CXX_LANGUAGE_STANDARD = "gnu++0x";
				CLANG_CXX_LIBRARY = "libc++";
				CLANG_ENABLE_MODULES = YES;
				CLANG_ENABLE_OBJC_ARC = YES;
				CLANG_WARN_BOOL_CONVERSION = YES;
				CLANG_WARN_CONSTANT_CONVERSION = YES;
				CLANG_WARN_DIRECT_OBJC_ISA_USAGE = YES_ERROR;
				CLANG_WARN_EMPTY_BODY = YES;
				CLANG_WARN_ENUM_CONVERSION = YES;
				CLANG_WARN_INT_CONVERSION = YES;
				CLANG_WARN_OBJC_ROOT_CLASS = YES_ERROR;
				CLANG_WARN_UNREACHABLE_CODE = YES;
				CLANG_WARN__DUPLICATE_METHOD_MATCH = YES;
				"CODE_SIGN_IDENTITY[sdk=iphoneos*]" = "iPhone Developer";
				COPY_PHASE_STRIP = NO;
				DEBUG_INFORMATION_FORMAT = dwarf;
				ENABLE_STRICT_OBJC_MSGSEND = YES;
				ENABLE_TESTABILITY = YES;
				GCC_C_LANGUAGE_STANDARD = gnu99;
				GCC_DYNAMIC_NO_PIC = NO;
				GCC_NO_COMMON_BLOCKS = YES;
				GCC_OPTIMIZATION_LEVEL = 0;
				GCC_PREPROCESSOR_DEFINITIONS = (
					"DEBUG=1",
					"$(inherited)",
				);
				GCC_WARN_64_TO_32_BIT_CONVERSION = YES;
				GCC_WARN_ABOUT_RETURN_TYPE = YES_ERROR;
				GCC_WARN_UNDECLARED_SELECTOR = YES;
				GCC_WARN_UNINITIALIZED_AUTOS = YES_AGGRESSIVE;
				GCC_WARN_UNUSED_FUNCTION = YES;
				GCC_WARN_UNUSED_VARIABLE = YES;
				IPHONEOS_DEPLOYMENT_TARGET = 9.3;
				MTL_ENABLE_DEBUG_INFO = YES;
				ONLY_ACTIVE_ARCH = YES;
				SDKROOT = iphoneos;
				SWIFT_OPTIMIZATION_LEVEL = "-Onone";
			};
			name = Debug;
		};
		097481F21C8CADA600A8BA57 /* Release */ = {
			isa = XCBuildConfiguration;
			buildSettings = {
				ALWAYS_SEARCH_USER_PATHS = NO;
				CLANG_CXX_LANGUAGE_STANDARD = "gnu++0x";
				CLANG_CXX_LIBRARY = "libc++";
				CLANG_ENABLE_MODULES = YES;
				CLANG_ENABLE_OBJC_ARC = YES;
				CLANG_WARN_BOOL_CONVERSION = YES;
				CLANG_WARN_CONSTANT_CONVERSION = YES;
				CLANG_WARN_DIRECT_OBJC_ISA_USAGE = YES_ERROR;
				CLANG_WARN_EMPTY_BODY = YES;
				CLANG_WARN_ENUM_CONVERSION = YES;
				CLANG_WARN_INT_CONVERSION = YES;
				CLANG_WARN_OBJC_ROOT_CLASS = YES_ERROR;
				CLANG_WARN_UNREACHABLE_CODE = YES;
				CLANG_WARN__DUPLICATE_METHOD_MATCH = YES;
				"CODE_SIGN_IDENTITY[sdk=iphoneos*]" = "iPhone Developer";
				COPY_PHASE_STRIP = NO;
				DEBUG_INFORMATION_FORMAT = "dwarf-with-dsym";
				ENABLE_NS_ASSERTIONS = NO;
				ENABLE_STRICT_OBJC_MSGSEND = YES;
				GCC_C_LANGUAGE_STANDARD = gnu99;
				GCC_NO_COMMON_BLOCKS = YES;
				GCC_WARN_64_TO_32_BIT_CONVERSION = YES;
				GCC_WARN_ABOUT_RETURN_TYPE = YES_ERROR;
				GCC_WARN_UNDECLARED_SELECTOR = YES;
				GCC_WARN_UNINITIALIZED_AUTOS = YES_AGGRESSIVE;
				GCC_WARN_UNUSED_FUNCTION = YES;
				GCC_WARN_UNUSED_VARIABLE = YES;
				IPHONEOS_DEPLOYMENT_TARGET = 9.3;
				MTL_ENABLE_DEBUG_INFO = NO;
				SDKROOT = iphoneos;
				VALIDATE_PRODUCT = YES;
			};
			name = Release;
		};
		097481F41C8CADA600A8BA57 /* Debug */ = {
			isa = XCBuildConfiguration;
			buildSettings = {
				ASSETCATALOG_COMPILER_APPICON_NAME = AppIcon;
				INFOPLIST_FILE = hamburguesasEnElMundo/Info.plist;
				LD_RUNPATH_SEARCH_PATHS = "$(inherited) @executable_path/Frameworks";
				PRODUCT_BUNDLE_IDENTIFIER = mx.juan.hamburguesasEnElMundo;
				PRODUCT_NAME = "$(TARGET_NAME)";
			};
			name = Debug;
		};
		097481F51C8CADA600A8BA57 /* Release */ = {
			isa = XCBuildConfiguration;
			buildSettings = {
				ASSETCATALOG_COMPILER_APPICON_NAME = AppIcon;
				INFOPLIST_FILE = hamburguesasEnElMundo/Info.plist;
				LD_RUNPATH_SEARCH_PATHS = "$(inherited) @executable_path/Frameworks";
				PRODUCT_BUNDLE_IDENTIFIER = mx.juan.hamburguesasEnElMundo;
				PRODUCT_NAME = "$(TARGET_NAME)";
			};
			name = Release;
		};
/* End XCBuildConfiguration section */

/* Begin XCConfigurationList section */
		097481DC1C8CADA400A8BA57 /* Build configuration list for PBXProject "hamburguesasEnElMundo" */ = {
			isa = XCConfigurationList;
			buildConfigurations = (
				097481F11C8CADA600A8BA57 /* Debug */,
				097481F21C8CADA600A8BA57 /* Release */,
			);
			defaultConfigurationIsVisible = 0;
			defaultConfigurationName = Release;
		};
		097481F31C8CADA600A8BA57 /* Build configuration list for PBXNativeTarget "hamburguesasEnElMundo" */ = {
			isa = XCConfigurationList;
			buildConfigurations = (
				097481F41C8CADA600A8BA57 /* Debug */,
				097481F51C8CADA600A8BA57 /* Release */,
			);
			defaultConfigurationIsVisible = 0;
			defaultConfigurationName = Release;
		};
/* End XCConfigurationList section */
	};
	rootObject = 097481D91C8CADA400A8BA57 /* Project object */;
}
